{
  "name": "npm",
  "lockfileVersion": 3,
  "requires": true,
  "packages": {
    "": {
      "dependencies": {
        "isbn-validator": "^1.2.0"
      }
    },
    "node_modules/isbn-validator": {
      "version": "1.2.0",
      "resolved": "https://registry.npmjs.org/isbn-validator/-/isbn-validator-1.2.0.tgz",
      "integrity": "sha512-2snEiXMrX4lydV9U7WNXHeLevvE9TNzxoImv2CYRDopJkHJQSf5N/6Kns4HiBN/wfrf6xsiJtj+6OgcLaU4GsA=="
    }
  }
}
